// !$*UTF8*$!
{
	archiveVersion = 1;
	classes = {
	};
	objectVersion = 50;
	objects = {

/* Begin PBXBuildFile section */
		C57157A626098A7C00595869 /* AppDelegate.swift in Sources */ = {isa = PBXBuildFile; fileRef = C57157A526098A7C00595869 /* AppDelegate.swift */; };
		C57157A826098A7C00595869 /* SceneDelegate.swift in Sources */ = {isa = PBXBuildFile; fileRef = C57157A726098A7C00595869 /* SceneDelegate.swift */; };
		C57157AA26098A7C00595869 /* ViewController.swift in Sources */ = {isa = PBXBuildFile; fileRef = C57157A926098A7C00595869 /* ViewController.swift */; };
		C57157AD26098A7C00595869 /* Main.storyboard in Resources */ = {isa = PBXBuildFile; fileRef = C57157AB26098A7C00595869 /* Main.storyboard */; };
		C57157AF26098A7C00595869 /* Assets.xcassets in Resources */ = {isa = PBXBuildFile; fileRef = C57157AE26098A7C00595869 /* Assets.xcassets */; };
		C57157B226098A7C00595869 /* LaunchScreen.storyboard in Resources */ = {isa = PBXBuildFile; fileRef = C57157B026098A7C00595869 /* LaunchScreen.storyboard */; };
		C57157BD26098A7D00595869 /* MotivateMeTests.swift in Sources */ = {isa = PBXBuildFile; fileRef = C57157BC26098A7D00595869 /* MotivateMeTests.swift */; };
		C57157C826098A7D00595869 /* MotivateMeUITests.swift in Sources */ = {isa = PBXBuildFile; fileRef = C57157C726098A7D00595869 /* MotivateMeUITests.swift */; };
/* End PBXBuildFile section */

/* Begin PBXContainerItemProxy section */
		C57157B926098A7D00595869 /* PBXContainerItemProxy */ = {
			isa = PBXContainerItemProxy;
			containerPortal = C571579A26098A7C00595869 /* Project object */;
			proxyType = 1;
			remoteGlobalIDString = C57157A126098A7C00595869;
			remoteInfo = MotivateMe;
		};
		C57157C426098A7D00595869 /* PBXContainerItemProxy */ = {
			isa = PBXContainerItemProxy;
			containerPortal = C571579A26098A7C00595869 /* Project object */;
			proxyType = 1;
			remoteGlobalIDString = C57157A126098A7C00595869;
			remoteInfo = MotivateMe;
		};
/* End PBXContainerItemProxy section */

/* Begin PBXFileReference section */
		C57157A226098A7C00595869 /* MotivateMe.app */ = {isa = PBXFileReference; explicitFileType = wrapper.application; includeInIndex = 0; path = MotivateMe.app; sourceTree = BUILT_PRODUCTS_DIR; };
		C57157A526098A7C00595869 /* AppDelegate.swift */ = {isa = PBXFileReference; lastKnownFileType = sourcecode.swift; path = AppDelegate.swift; sourceTree = "<group>"; };
		C57157A726098A7C00595869 /* SceneDelegate.swift */ = {isa = PBXFileReference; lastKnownFileType = sourcecode.swift; path = SceneDelegate.swift; sourceTree = "<group>"; };
		C57157A926098A7C00595869 /* ViewController.swift */ = {isa = PBXFileReference; lastKnownFileType = sourcecode.swift; path = ViewController.swift; sourceTree = "<group>"; };
		C57157AC26098A7C00595869 /* Base */ = {isa = PBXFileReference; lastKnownFileType = file.storyboard; name = Base; path = Base.lproj/Main.storyboard; sourceTree = "<group>"; };
		C57157AE26098A7C00595869 /* Assets.xcassets */ = {isa = PBXFileReference; lastKnownFileType = folder.assetcatalog; path = Assets.xcassets; sourceTree = "<group>"; };
		C57157B126098A7C00595869 /* Base */ = {isa = PBXFileReference; lastKnownFileType = file.storyboard; name = Base; path = Base.lproj/LaunchScreen.storyboard; sourceTree = "<group>"; };
		C57157B326098A7C00595869 /* Info.plist */ = {isa = PBXFileReference; lastKnownFileType = text.plist.xml; path = Info.plist; sourceTree = "<group>"; };
		C57157B826098A7D00595869 /* MotivateMeTests.xctest */ = {isa = PBXFileReference; explicitFileType = wrapper.cfbundle; includeInIndex = 0; path = MotivateMeTests.xctest; sourceTree = BUILT_PRODUCTS_DIR; };
		C57157BC26098A7D00595869 /* MotivateMeTests.swift */ = {isa = PBXFileReference; lastKnownFileType = sourcecode.swift; path = MotivateMeTests.swift; sourceTree = "<group>"; };
		C57157BE26098A7D00595869 /* Info.plist */ = {isa = PBXFileReference; lastKnownFileType = text.plist.xml; path = Info.plist; sourceTree = "<group>"; };
		C57157C326098A7D00595869 /* MotivateMeUITests.xctest */ = {isa = PBXFileReference; explicitFileType = wrapper.cfbundle; includeInIndex = 0; path = MotivateMeUITests.xctest; sourceTree = BUILT_PRODUCTS_DIR; };
		C57157C726098A7D00595869 /* MotivateMeUITests.swift */ = {isa = PBXFileReference; lastKnownFileType = sourcecode.swift; path = MotivateMeUITests.swift; sourceTree = "<group>"; };
		C57157C926098A7D00595869 /* Info.plist */ = {isa = PBXFileReference; lastKnownFileType = text.plist.xml; path = Info.plist; sourceTree = "<group>"; };
/* End PBXFileReference section */

/* Begin PBXFrameworksBuildPhase section */
		C571579F26098A7C00595869 /* Frameworks */ = {
			isa = PBXFrameworksBuildPhase;
			buildActionMask = 2147483647;
			files = (
			);
			runOnlyForDeploymentPostprocessing = 0;
		};
		C57157B526098A7D00595869 /* Frameworks */ = {
			isa = PBXFrameworksBuildPhase;
			buildActionMask = 2147483647;
			files = (
			);
			runOnlyForDeploymentPostprocessing = 0;
		};
		C57157C026098A7D00595869 /* Frameworks */ = {
			isa = PBXFrameworksBuildPhase;
			buildActionMask = 2147483647;
			files = (
			);
			runOnlyForDeploymentPostprocessing = 0;
		};
/* End PBXFrameworksBuildPhase section */

/* Begin PBXGroup section */
		C571579926098A7C00595869 = {
			isa = PBXGroup;
			children = (
				C57157A426098A7C00595869 /* MotivateMe */,
				C57157BB26098A7D00595869 /* MotivateMeTests */,
				C57157C626098A7D00595869 /* MotivateMeUITests */,
				C57157A326098A7C00595869 /* Products */,
			);
			sourceTree = "<group>";
		};
		C57157A326098A7C00595869 /* Products */ = {
			isa = PBXGroup;
			children = (
				C57157A226098A7C00595869 /* MotivateMe.app */,
				C57157B826098A7D00595869 /* MotivateMeTests.xctest */,
				C57157C326098A7D00595869 /* MotivateMeUITests.xctest */,
			);
			name = Products;
			sourceTree = "<group>";
		};
		C57157A426098A7C00595869 /* MotivateMe */ = {
			isa = PBXGroup;
			children = (
				C57157A526098A7C00595869 /* AppDelegate.swift */,
				C57157A726098A7C00595869 /* SceneDelegate.swift */,
				C57157A926098A7C00595869 /* ViewController.swift */,
				C57157AB26098A7C00595869 /* Main.storyboard */,
				C57157AE26098A7C00595869 /* Assets.xcassets */,
				C57157B026098A7C00595869 /* LaunchScreen.storyboard */,
				C57157B326098A7C00595869 /* Info.plist */,
			);
			path = MotivateMe;
			sourceTree = "<group>";
		};
		C57157BB26098A7D00595869 /* MotivateMeTests */ = {
			isa = PBXGroup;
			children = (
				C57157BC26098A7D00595869 /* MotivateMeTests.swift */,
				C57157BE26098A7D00595869 /* Info.plist */,
			);
			path = MotivateMeTests;
			sourceTree = "<group>";
		};
		C57157C626098A7D00595869 /* MotivateMeUITests */ = {
			isa = PBXGroup;
			children = (
				C57157C726098A7D00595869 /* MotivateMeUITests.swift */,
				C57157C926098A7D00595869 /* Info.plist */,
			);
			path = MotivateMeUITests;
			sourceTree = "<group>";
		};
/* End PBXGroup section */

/* Begin PBXNativeTarget section */
		C57157A126098A7C00595869 /* MotivateMe */ = {
			isa = PBXNativeTarget;
			buildConfigurationList = C57157CC26098A7D00595869 /* Build configuration list for PBXNativeTarget "MotivateMe" */;
			buildPhases = (
				C571579E26098A7C00595869 /* Sources */,
				C571579F26098A7C00595869 /* Frameworks */,
				C57157A026098A7C00595869 /* Resources */,
			);
			buildRules = (
			);
			dependencies = (
			);
			name = MotivateMe;
			productName = MotivateMe;
			productReference = C57157A226098A7C00595869 /* MotivateMe.app */;
			productType = "com.apple.product-type.application";
		};
		C57157B726098A7D00595869 /* MotivateMeTests */ = {
			isa = PBXNativeTarget;
			buildConfigurationList = C57157CF26098A7D00595869 /* Build configuration list for PBXNativeTarget "MotivateMeTests" */;
			buildPhases = (
				C57157B426098A7D00595869 /* Sources */,
				C57157B526098A7D00595869 /* Frameworks */,
				C57157B626098A7D00595869 /* Resources */,
			);
			buildRules = (
			);
			dependencies = (
				C57157BA26098A7D00595869 /* PBXTargetDependency */,
			);
			name = MotivateMeTests;
			productName = MotivateMeTests;
			productReference = C57157B826098A7D00595869 /* MotivateMeTests.xctest */;
			productType = "com.apple.product-type.bundle.unit-test";
		};
		C57157C226098A7D00595869 /* MotivateMeUITests */ = {
			isa = PBXNativeTarget;
			buildConfigurationList = C57157D226098A7D00595869 /* Build configuration list for PBXNativeTarget "MotivateMeUITests" */;
			buildPhases = (
				C57157BF26098A7D00595869 /* Sources */,
				C57157C026098A7D00595869 /* Frameworks */,
				C57157C126098A7D00595869 /* Resources */,
			);
			buildRules = (
			);
			dependencies = (
				C57157C526098A7D00595869 /* PBXTargetDependency */,
			);
			name = MotivateMeUITests;
			productName = MotivateMeUITests;
			productReference = C57157C326098A7D00595869 /* MotivateMeUITests.xctest */;
			productType = "com.apple.product-type.bundle.ui-testing";
		};
/* End PBXNativeTarget section */

/* Begin PBXProject section */
		C571579A26098A7C00595869 /* Project object */ = {
			isa = PBXProject;
			attributes = {
				LastSwiftUpdateCheck = 1240;
				LastUpgradeCheck = 1240;
				TargetAttributes = {
					C57157A126098A7C00595869 = {
						CreatedOnToolsVersion = 12.4;
					};
					C57157B726098A7D00595869 = {
						CreatedOnToolsVersion = 12.4;
						TestTargetID = C57157A126098A7C00595869;
					};
					C57157C226098A7D00595869 = {
						CreatedOnToolsVersion = 12.4;
						TestTargetID = C57157A126098A7C00595869;
					};
				};
			};
			buildConfigurationList = C571579D26098A7C00595869 /* Build configuration list for PBXProject "MotivateMe" */;
			compatibilityVersion = "Xcode 9.3";
			developmentRegion = en;
			hasScannedForEncodings = 0;
			knownRegions = (
				en,
				Base,
			);
			mainGroup = C571579926098A7C00595869;
			productRefGroup = C57157A326098A7C00595869 /* Products */;
			projectDirPath = "";
			projectRoot = "";
			targets = (
				C57157A126098A7C00595869 /* MotivateMe */,
				C57157B726098A7D00595869 /* MotivateMeTests */,
				C57157C226098A7D00595869 /* MotivateMeUITests */,
			);
		};
/* End PBXProject section */

/* Begin PBXResourcesBuildPhase section */
		C57157A026098A7C00595869 /* Resources */ = {
			isa = PBXResourcesBuildPhase;
			buildActionMask = 2147483647;
			files = (
				C57157B226098A7C00595869 /* LaunchScreen.storyboard in Resources */,
				C57157AF26098A7C00595869 /* Assets.xcassets in Resources */,
				C57157AD26098A7C00595869 /* Main.storyboard in Resources */,
			);
			runOnlyForDeploymentPostprocessing = 0;
		};
		C57157B626098A7D00595869 /* Resources */ = {
			isa = PBXResourcesBuildPhase;
			buildActionMask = 2147483647;
			files = (
			);
			runOnlyForDeploymentPostprocessing = 0;
		};
		C57157C126098A7D00595869 /* Resources */ = {
			isa = PBXResourcesBuildPhase;
			buildActionMask = 2147483647;
			files = (
			);
			runOnlyForDeploymentPostprocessing = 0;
		};
/* End PBXResourcesBuildPhase section */

/* Begin PBXSourcesBuildPhase section */
		C571579E26098A7C00595869 /* Sources */ = {
			isa = PBXSourcesBuildPhase;
			buildActionMask = 2147483647;
			files = (
				C57157AA26098A7C00595869 /* ViewController.swift in Sources */,
				C57157A626098A7C00595869 /* AppDelegate.swift in Sources */,
				C57157A826098A7C00595869 /* SceneDelegate.swift in Sources */,
			);
			runOnlyForDeploymentPostprocessing = 0;
		};
		C57157B426098A7D00595869 /* Sources */ = {
			isa = PBXSourcesBuildPhase;
			buildActionMask = 2147483647;
			files = (
				C57157BD26098A7D00595869 /* MotivateMeTests.swift in Sources */,
			);
			runOnlyForDeploymentPostprocessing = 0;
		};
		C57157BF26098A7D00595869 /* Sources */ = {
			isa = PBXSourcesBuildPhase;
			buildActionMask = 2147483647;
			files = (
				C57157C826098A7D00595869 /* MotivateMeUITests.swift in Sources */,
			);
			runOnlyForDeploymentPostprocessing = 0;
		};
/* End PBXSourcesBuildPhase section */

/* Begin PBXTargetDependency section */
		C57157BA26098A7D00595869 /* PBXTargetDependency */ = {
			isa = PBXTargetDependency;
			target = C57157A126098A7C00595869 /* MotivateMe */;
			targetProxy = C57157B926098A7D00595869 /* PBXContainerItemProxy */;
		};
		C57157C526098A7D00595869 /* PBXTargetDependency */ = {
			isa = PBXTargetDependency;
			target = C57157A126098A7C00595869 /* MotivateMe */;
			targetProxy = C57157C426098A7D00595869 /* PBXContainerItemProxy */;
		};
/* End PBXTargetDependency section */

/* Begin PBXVariantGroup section */
		C57157AB26098A7C00595869 /* Main.storyboard */ = {
			isa = PBXVariantGroup;
			children = (
				C57157AC26098A7C00595869 /* Base */,
			);
			name = Main.storyboard;
			sourceTree = "<group>";
		};
		C57157B026098A7C00595869 /* LaunchScreen.storyboard */ = {
			isa = PBXVariantGroup;
			children = (
				C57157B126098A7C00595869 /* Base */,
			);
			name = LaunchScreen.storyboard;
			sourceTree = "<group>";
		};
/* End PBXVariantGroup section */

/* Begin XCBuildConfiguration section */
		C57157CA26098A7D00595869 /* Debug */ = {
			isa = XCBuildConfiguration;
			buildSettings = {
				ALWAYS_SEARCH_USER_PATHS = NO;
				CLANG_ANALYZER_NONNULL = YES;
				CLANG_ANALYZER_NUMBER_OBJECT_CONVERSION = YES_AGGRESSIVE;
				CLANG_CXX_LANGUAGE_STANDARD = "gnu++14";
				CLANG_CXX_LIBRARY = "libc++";
				CLANG_ENABLE_MODULES = YES;
				CLANG_ENABLE_OBJC_ARC = YES;
				CLANG_ENABLE_OBJC_WEAK = YES;
				CLANG_WARN_BLOCK_CAPTURE_AUTORELEASING = YES;
				CLANG_WARN_BOOL_CONVERSION = YES;
				CLANG_WARN_COMMA = YES;
				CLANG_WARN_CONSTANT_CONVERSION = YES;
				CLANG_WARN_DEPRECATED_OBJC_IMPLEMENTATIONS = YES;
				CLANG_WARN_DIRECT_OBJC_ISA_USAGE = YES_ERROR;
				CLANG_WARN_DOCUMENTATION_COMMENTS = YES;
				CLANG_WARN_EMPTY_BODY = YES;
				CLANG_WARN_ENUM_CONVERSION = YES;
				CLANG_WARN_INFINITE_RECURSION = YES;
				CLANG_WARN_INT_CONVERSION = YES;
				CLANG_WARN_NON_LITERAL_NULL_CONVERSION = YES;
				CLANG_WARN_OBJC_IMPLICIT_RETAIN_SELF = YES;
				CLANG_WARN_OBJC_LITERAL_CONVERSION = YES;
				CLANG_WARN_OBJC_ROOT_CLASS = YES_ERROR;
				CLANG_WARN_QUOTED_INCLUDE_IN_FRAMEWORK_HEADER = YES;
				CLANG_WARN_RANGE_LOOP_ANALYSIS = YES;
				CLANG_WARN_STRICT_PROTOTYPES = YES;
				CLANG_WARN_SUSPICIOUS_MOVE = YES;
				CLANG_WARN_UNGUARDED_AVAILABILITY = YES_AGGRESSIVE;
				CLANG_WARN_UNREACHABLE_CODE = YES;
				CLANG_WARN__DUPLICATE_METHOD_MATCH = YES;
				COPY_PHASE_STRIP = NO;
				DEBUG_INFORMATION_FORMAT = dwarf;
				ENABLE_STRICT_OBJC_MSGSEND = YES;
				ENABLE_TESTABILITY = YES;
				GCC_C_LANGUAGE_STANDARD = gnu11;
				GCC_DYNAMIC_NO_PIC = NO;
				GCC_NO_COMMON_BLOCKS = YES;
				GCC_OPTIMIZATION_LEVEL = 0;
				GCC_PREPROCESSOR_DEFINITIONS = (
					"DEBUG=1",
					"$(inherited)",
				);
				GCC_WARN_64_TO_32_BIT_CONVERSION = YES;
				GCC_WARN_ABOUT_RETURN_TYPE = YES_ERROR;
				GCC_WARN_UNDECLARED_SELECTOR = YES;
				GCC_WARN_UNINITIALIZED_AUTOS = YES_AGGRESSIVE;
				GCC_WARN_UNUSED_FUNCTION = YES;
				GCC_WARN_UNUSED_VARIABLE = YES;
				IPHONEOS_DEPLOYMENT_TARGET = 14.4;
				MTL_ENABLE_DEBUG_INFO = INCLUDE_SOURCE;
				MTL_FAST_MATH = YES;
				ONLY_ACTIVE_ARCH = YES;
				SDKROOT = iphoneos;
				SWIFT_ACTIVE_COMPILATION_CONDITIONS = DEBUG;
				SWIFT_OPTIMIZATION_LEVEL = "-Onone";
			};
			name = Debug;
		};
		C57157CB26098A7D00595869 /* Release */ = {
			isa = XCBuildConfiguration;
			buildSettings = {
				ALWAYS_SEARCH_USER_PATHS = NO;
				CLANG_ANALYZER_NONNULL = YES;
				CLANG_ANALYZER_NUMBER_OBJECT_CONVERSION = YES_AGGRESSIVE;
				CLANG_CXX_LANGUAGE_STANDARD = "gnu++14";
				CLANG_CXX_LIBRARY = "libc++";
				CLANG_ENABLE_MODULES = YES;
				CLANG_ENABLE_OBJC_ARC = YES;
				CLANG_ENABLE_OBJC_WEAK = YES;
				CLANG_WARN_BLOCK_CAPTURE_AUTORELEASING = YES;
				CLANG_WARN_BOOL_CONVERSION = YES;
				CLANG_WARN_COMMA = YES;
				CLANG_WARN_CONSTANT_CONVERSION = YES;
				CLANG_WARN_DEPRECATED_OBJC_IMPLEMENTATIONS = YES;
				CLANG_WARN_DIRECT_OBJC_ISA_USAGE = YES_ERROR;
				CLANG_WARN_DOCUMENTATION_COMMENTS = YES;
				CLANG_WARN_EMPTY_BODY = YES;
				CLANG_WARN_ENUM_CONVERSION = YES;
				CLANG_WARN_INFINITE_RECURSION = YES;
				CLANG_WARN_INT_CONVERSION = YES;
				CLANG_WARN_NON_LITERAL_NULL_CONVERSION = YES;
				CLANG_WARN_OBJC_IMPLICIT_RETAIN_SELF = YES;
				CLANG_WARN_OBJC_LITERAL_CONVERSION = YES;
				CLANG_WARN_OBJC_ROOT_CLASS = YES_ERROR;
				CLANG_WARN_QUOTED_INCLUDE_IN_FRAMEWORK_HEADER = YES;
				CLANG_WARN_RANGE_LOOP_ANALYSIS = YES;
				CLANG_WARN_STRICT_PROTOTYPES = YES;
				CLANG_WARN_SUSPICIOUS_MOVE = YES;
				CLANG_WARN_UNGUARDED_AVAILABILITY = YES_AGGRESSIVE;
				CLANG_WARN_UNREACHABLE_CODE = YES;
				CLANG_WARN__DUPLICATE_METHOD_MATCH = YES;
				COPY_PHASE_STRIP = NO;
				DEBUG_INFORMATION_FORMAT = "dwarf-with-dsym";
				ENABLE_NS_ASSERTIONS = NO;
				ENABLE_STRICT_OBJC_MSGSEND = YES;
				GCC_C_LANGUAGE_STANDARD = gnu11;
				GCC_NO_COMMON_BLOCKS = YES;
				GCC_WARN_64_TO_32_BIT_CONVERSION = YES;
				GCC_WARN_ABOUT_RETURN_TYPE = YES_ERROR;
				GCC_WARN_UNDECLARED_SELECTOR = YES;
				GCC_WARN_UNINITIALIZED_AUTOS = YES_AGGRESSIVE;
				GCC_WARN_UNUSED_FUNCTION = YES;
				GCC_WARN_UNUSED_VARIABLE = YES;
				IPHONEOS_DEPLOYMENT_TARGET = 14.4;
				MTL_ENABLE_DEBUG_INFO = NO;
				MTL_FAST_MATH = YES;
				SDKROOT = iphoneos;
				SWIFT_COMPILATION_MODE = wholemodule;
				SWIFT_OPTIMIZATION_LEVEL = "-O";
				VALIDATE_PRODUCT = YES;
			};
			name = Release;
		};
		C57157CD26098A7D00595869 /* Debug */ = {
			isa = XCBuildConfiguration;
			buildSettings = {
				ASSETCATALOG_COMPILER_APPICON_NAME = AppIcon;
				ASSETCATALOG_COMPILER_GLOBAL_ACCENT_COLOR_NAME = AccentColor;
				CODE_SIGN_STYLE = Automatic;
				DEVELOPMENT_TEAM = CT423CNLVD;
				INFOPLIST_FILE = MotivateMe/Info.plist;
				LD_RUNPATH_SEARCH_PATHS = (
					"$(inherited)",
					"@executable_path/Frameworks",
				);
				PRODUCT_BUNDLE_IDENTIFIER = com.SoundByteStudios.MotivateMe;
				PRODUCT_NAME = "$(TARGET_NAME)";
				SWIFT_VERSION = 5.0;
				TARGETED_DEVICE_FAMILY = 1;
			};
			name = Debug;
		};
		C57157CE26098A7D00595869 /* Release */ = {
			isa = XCBuildConfiguration;
			buildSettings = {
				ASSETCATALOG_COMPILER_APPICON_NAME = AppIcon;
				ASSETCATALOG_COMPILER_GLOBAL_ACCENT_COLOR_NAME = AccentColor;
				CODE_SIGN_STYLE = Automatic;
				DEVELOPMENT_TEAM = CT423CNLVD;
				INFOPLIST_FILE = MotivateMe/Info.plist;
				LD_RUNPATH_SEARCH_PATHS = (
					"$(inherited)",
					"@executable_path/Frameworks",
				);
				PRODUCT_BUNDLE_IDENTIFIER = com.SoundByteStudios.MotivateMe;
				PRODUCT_NAME = "$(TARGET_NAME)";
				SWIFT_VERSION = 5.0;
				TARGETED_DEVICE_FAMILY = 1;
			};
			name = Release;
		};
		C57157D026098A7D00595869 /* Debug */ = {
			isa = XCBuildConfiguration;
			buildSettings = {
				ALWAYS_EMBED_SWIFT_STANDARD_LIBRARIES = YES;
				BUNDLE_LOADER = "$(TEST_HOST)";
				CODE_SIGN_STYLE = Automatic;
				DEVELOPMENT_TEAM = CT423CNLVD;
				INFOPLIST_FILE = MotivateMeTests/Info.plist;
				IPHONEOS_DEPLOYMENT_TARGET = 14.4;
				LD_RUNPATH_SEARCH_PATHS = (
					"$(inherited)",
					"@executable_path/Frameworks",
					"@loader_path/Frameworks",
				);
				PRODUCT_BUNDLE_IDENTIFIER = com.SoundByteStudios.MotivateMeTests;
				PRODUCT_NAME = "$(TARGET_NAME)";
				SWIFT_VERSION = 5.0;
				TARGETED_DEVICE_FAMILY = "1,2";
				TEST_HOST = "$(BUILT_PRODUCTS_DIR)/MotivateMe.app/MotivateMe";
			};
			name = Debug;
		};
		C57157D126098A7D00595869 /* Release */ = {
			isa = XCBuildConfiguration;
			buildSettings = {
				ALWAYS_EMBED_SWIFT_STANDARD_LIBRARIES = YES;
				BUNDLE_LOADER = "$(TEST_HOST)";
				CODE_SIGN_STYLE = Automatic;
				DEVELOPMENT_TEAM = CT423CNLVD;
				INFOPLIST_FILE = MotivateMeTests/Info.plist;
				IPHONEOS_DEPLOYMENT_TARGET = 14.4;
				LD_RUNPATH_SEARCH_PATHS = (
					"$(inherited)",
					"@executable_path/Frameworks",
					"@loader_path/Frameworks",
				);
				PRODUCT_BUNDLE_IDENTIFIER = com.SoundByteStudios.MotivateMeTests;
				PRODUCT_NAME = "$(TARGET_NAME)";
				SWIFT_VERSION = 5.0;
				TARGETED_DEVICE_FAMILY = "1,2";
				TEST_HOST = "$(BUILT_PRODUCTS_DIR)/MotivateMe.app/MotivateMe";
			};
			name = Release;
		};
		C57157D326098A7D00595869 /* Debug */ = {
			isa = XCBuildConfiguration;
			buildSettings = {
				ALWAYS_EMBED_SWIFT_STANDARD_LIBRARIES = YES;
				CODE_SIGN_STYLE = Automatic;
				DEVELOPMENT_TEAM = CT423CNLVD;
				INFOPLIST_FILE = MotivateMeUITests/Info.plist;
				LD_RUNPATH_SEARCH_PATHS = (
					"$(inherited)",
					"@executable_path/Frameworks",
					"@loader_path/Frameworks",
				);
				PRODUCT_BUNDLE_IDENTIFIER = com.SoundByteStudios.MotivateMeUITests;
				PRODUCT_NAME = "$(TARGET_NAME)";
				SWIFT_VERSION = 5.0;
				TARGETED_DEVICE_FAMILY = "1,2";
				TEST_TARGET_NAME = MotivateMe;
			};
			name = Debug;
		};
		C57157D426098A7D00595869 /* Release */ = {
			isa = XCBuildConfiguration;
			buildSettings = {
				ALWAYS_EMBED_SWIFT_STANDARD_LIBRARIES = YES;
				CODE_SIGN_STYLE = Automatic;
				DEVELOPMENT_TEAM = CT423CNLVD;
				INFOPLIST_FILE = MotivateMeUITests/Info.plist;
				LD_RUNPATH_SEARCH_PATHS = (
					"$(inherited)",
					"@executable_path/Frameworks",
					"@loader_path/Frameworks",
				);
				PRODUCT_BUNDLE_IDENTIFIER = com.SoundByteStudios.MotivateMeUITests;
				PRODUCT_NAME = "$(TARGET_NAME)";
				SWIFT_VERSION = 5.0;
				TARGETED_DEVICE_FAMILY = "1,2";
				TEST_TARGET_NAME = MotivateMe;
			};
			name = Release;
		};
/* End XCBuildConfiguration section */

/* Begin XCConfigurationList section */
		C571579D26098A7C00595869 /* Build configuration list for PBXProject "MotivateMe" */ = {
			isa = XCConfigurationList;
			buildConfigurations = (
				C57157CA26098A7D00595869 /* Debug */,
				C57157CB26098A7D00595869 /* Release */,
			);
			defaultConfigurationIsVisible = 0;
			defaultConfigurationName = Release;
		};
		C57157CC26098A7D00595869 /* Build configuration list for PBXNativeTarget "MotivateMe" */ = {
			isa = XCConfigurationList;
			buildConfigurations = (
				C57157CD26098A7D00595869 /* Debug */,
				C57157CE26098A7D00595869 /* Release */,
			);
			defaultConfigurationIsVisible = 0;
			defaultConfigurationName = Release;
		};
		C57157CF26098A7D00595869 /* Build configuration list for PBXNativeTarget "MotivateMeTests" */ = {
			isa = XCConfigurationList;
			buildConfigurations = (
				C57157D026098A7D00595869 /* Debug */,
				C57157D126098A7D00595869 /* Release */,
			);
			defaultConfigurationIsVisible = 0;
			defaultConfigurationName = Release;
		};
		C57157D226098A7D00595869 /* Build configuration list for PBXNativeTarget "MotivateMeUITests" */ = {
			isa = XCConfigurationList;
			buildConfigurations = (
				C57157D326098A7D00595869 /* Debug */,
				C57157D426098A7D00595869 /* Release */,
			);
			defaultConfigurationIsVisible = 0;
			defaultConfigurationName = Release;
		};
/* End XCConfigurationList section */
	};
	rootObject = C571579A26098A7C00595869 /* Project object */;
}
